
Microsoft Visual Studio Solution File, Format Version 12.00
# Visual Studio Version 17
VisualStudioVersion = 17.12.35707.178 d17.12
MinimumVisualStudioVersion = 10.0.40219.1
Project("{FAE04EC0-301F-11D3-BF4B-00C04F79EFBC}") = "E-commerce", "E-commerce\E-commerce.csproj", "{6C0ED099-A9FC-4F3B-89AF-F6321E73DC01}"
EndProject
Project("{FAE04EC0-301F-11D3-BF4B-00C04F79EFBC}") = "Interfaces", "Interfaces\Interfaces.csproj", "{8C50D217-F1BB-4E89-AEB4-159778F68225}"
EndProject
Project("{FAE04EC0-301F-11D3-BF4B-00C04F79EFBC}") = "Models", "Models\Models.csproj", "{E7275469-071E-4E83-9219-90382C13855D}"
EndProject
Project("{FAE04EC0-301F-11D3-BF4B-00C04F79EFBC}") = "Service", "Service\Service.csproj", "{65E91DF4-A44A-476E-86C9-4E419CDA6C79}"
EndProject
Global
	GlobalSection(SolutionConfigurationPlatforms) = preSolution
		Debug|Any CPU = Debug|Any CPU
		Release|Any CPU = Release|Any CPU
	EndGlobalSection
	GlobalSection(ProjectConfigurationPlatforms) = postSolution
		{6C0ED099-A9FC-4F3B-89AF-F6321E73DC01}.Debug|Any CPU.ActiveCfg = Debug|Any CPU
		{6C0ED099-A9FC-4F3B-89AF-F6321E73DC01}.Debug|Any CPU.Build.0 = Debug|Any CPU
		{6C0ED099-A9FC-4F3B-89AF-F6321E73DC01}.Release|Any CPU.ActiveCfg = Release|Any CPU
		{6C0ED099-A9FC-4F3B-89AF-F6321E73DC01}.Release|Any CPU.Build.0 = Release|Any CPU
		{8C50D217-F1BB-4E89-AEB4-159778F68225}.Debug|Any CPU.ActiveCfg = Debug|Any CPU
		{8C50D217-F1BB-4E89-AEB4-159778F68225}.Debug|Any CPU.Build.0 = Debug|Any CPU
		{8C50D217-F1BB-4E89-AEB4-159778F68225}.Release|Any CPU.ActiveCfg = Release|Any CPU
		{8C50D217-F1BB-4E89-AEB4-159778F68225}.Release|Any CPU.Build.0 = Release|Any CPU
		{E7275469-071E-4E83-9219-90382C13855D}.Debug|Any CPU.ActiveCfg = Debug|Any CPU
		{E7275469-071E-4E83-9219-90382C13855D}.Debug|Any CPU.Build.0 = Debug|Any CPU
		{E7275469-071E-4E83-9219-90382C13855D}.Release|Any CPU.ActiveCfg = Release|Any CPU
		{E7275469-071E-4E83-9219-90382C13855D}.Release|Any CPU.Build.0 = Release|Any CPU
		{65E91DF4-A44A-476E-86C9-4E419CDA6C79}.Debug|Any CPU.ActiveCfg = Debug|Any CPU
		{65E91DF4-A44A-476E-86C9-4E419CDA6C79}.Debug|Any CPU.Build.0 = Debug|Any CPU
		{65E91DF4-A44A-476E-86C9-4E419CDA6C79}.Release|Any CPU.ActiveCfg = Release|Any CPU
		{65E91DF4-A44A-476E-86C9-4E419CDA6C79}.Release|Any CPU.Build.0 = Release|Any CPU
	EndGlobalSection
	GlobalSection(SolutionProperties) = preSolution
		HideSolutionNode = FALSE
	EndGlobalSection
EndGlobal
